// !$*UTF8*$!
{
	archiveVersion = 1;
	classes = {
	};
	objectVersion = 48;
	objects = {

/* Begin PBXBuildFile section */
		610C83FF1F407A74001C0C14 /* AppDelegate.swift in Sources */ = {isa = PBXBuildFile; fileRef = 610C83FE1F407A74001C0C14 /* AppDelegate.swift */; };
		610C84011F407A74001C0C14 /* art.scnassets in Resources */ = {isa = PBXBuildFile; fileRef = 610C84001F407A74001C0C14 /* art.scnassets */; };
		610C84031F407A74001C0C14 /* ViewController.swift in Sources */ = {isa = PBXBuildFile; fileRef = 610C84021F407A74001C0C14 /* ViewController.swift */; };
		610C84061F407A74001C0C14 /* Main.storyboard in Resources */ = {isa = PBXBuildFile; fileRef = 610C84041F407A74001C0C14 /* Main.storyboard */; };
		610C84081F407A74001C0C14 /* Assets.xcassets in Resources */ = {isa = PBXBuildFile; fileRef = 610C84071F407A74001C0C14 /* Assets.xcassets */; };
		610C840B1F407A74001C0C14 /* LaunchScreen.storyboard in Resources */ = {isa = PBXBuildFile; fileRef = 610C84091F407A74001C0C14 /* LaunchScreen.storyboard */; };
		610C84161F407A74001C0C14 /* ARCLTests.swift in Sources */ = {isa = PBXBuildFile; fileRef = 610C84151F407A74001C0C14 /* ARCLTests.swift */; };
		610C84211F407A74001C0C14 /* ARCLUITests.swift in Sources */ = {isa = PBXBuildFile; fileRef = 610C84201F407A74001C0C14 /* ARCLUITests.swift */; };
		610C84301F4093D6001C0C14 /* MapKit.framework in Frameworks */ = {isa = PBXBuildFile; fileRef = 610C842F1F4093D6001C0C14 /* MapKit.framework */; };
		610C84321F40A733001C0C14 /* MKUserLocation.swift in Sources */ = {isa = PBXBuildFile; fileRef = 610C84311F40A733001C0C14 /* MKUserLocation.swift */; };
		610C84341F40A7FC001C0C14 /* MKAnnotation.swift in Sources */ = {isa = PBXBuildFile; fileRef = 610C84331F40A7FC001C0C14 /* MKAnnotation.swift */; };
		6199F22C1F41D7F800E1A648 /* CLLocationDistance.swift in Sources */ = {isa = PBXBuildFile; fileRef = 6199F22B1F41D7F800E1A648 /* CLLocationDistance.swift */; };
		6199F22E1F41D90D00E1A648 /* TimeInterval.swift in Sources */ = {isa = PBXBuildFile; fileRef = 6199F22D1F41D90D00E1A648 /* TimeInterval.swift */; };
/* End PBXBuildFile section */

/* Begin PBXContainerItemProxy section */
		610C84121F407A74001C0C14 /* PBXContainerItemProxy */ = {
			isa = PBXContainerItemProxy;
			containerPortal = 610C83F31F407A74001C0C14 /* Project object */;
			proxyType = 1;
			remoteGlobalIDString = 610C83FA1F407A74001C0C14;
			remoteInfo = ARCL;
		};
		610C841D1F407A74001C0C14 /* PBXContainerItemProxy */ = {
			isa = PBXContainerItemProxy;
			containerPortal = 610C83F31F407A74001C0C14 /* Project object */;
			proxyType = 1;
			remoteGlobalIDString = 610C83FA1F407A74001C0C14;
			remoteInfo = ARCL;
		};
/* End PBXContainerItemProxy section */

/* Begin PBXFileReference section */
		610C83FB1F407A74001C0C14 /* ARCL.app */ = {isa = PBXFileReference; explicitFileType = wrapper.application; includeInIndex = 0; path = ARCL.app; sourceTree = BUILT_PRODUCTS_DIR; };
		610C83FE1F407A74001C0C14 /* AppDelegate.swift */ = {isa = PBXFileReference; lastKnownFileType = sourcecode.swift; path = AppDelegate.swift; sourceTree = "<group>"; };
		610C84001F407A74001C0C14 /* art.scnassets */ = {isa = PBXFileReference; lastKnownFileType = wrapper.scnassets; path = art.scnassets; sourceTree = "<group>"; };
		610C84021F407A74001C0C14 /* ViewController.swift */ = {isa = PBXFileReference; lastKnownFileType = sourcecode.swift; path = ViewController.swift; sourceTree = "<group>"; };
		610C84051F407A74001C0C14 /* Base */ = {isa = PBXFileReference; lastKnownFileType = file.storyboard; name = Base; path = Base.lproj/Main.storyboard; sourceTree = "<group>"; };
		610C84071F407A74001C0C14 /* Assets.xcassets */ = {isa = PBXFileReference; lastKnownFileType = folder.assetcatalog; path = Assets.xcassets; sourceTree = "<group>"; };
		610C840A1F407A74001C0C14 /* Base */ = {isa = PBXFileReference; lastKnownFileType = file.storyboard; name = Base; path = Base.lproj/LaunchScreen.storyboard; sourceTree = "<group>"; };
		610C840C1F407A74001C0C14 /* Info.plist */ = {isa = PBXFileReference; lastKnownFileType = text.plist.xml; path = Info.plist; sourceTree = "<group>"; };
		610C84111F407A74001C0C14 /* ARCLTests.xctest */ = {isa = PBXFileReference; explicitFileType = wrapper.cfbundle; includeInIndex = 0; path = ARCLTests.xctest; sourceTree = BUILT_PRODUCTS_DIR; };
		610C84151F407A74001C0C14 /* ARCLTests.swift */ = {isa = PBXFileReference; lastKnownFileType = sourcecode.swift; path = ARCLTests.swift; sourceTree = "<group>"; };
		610C84171F407A74001C0C14 /* Info.plist */ = {isa = PBXFileReference; lastKnownFileType = text.plist.xml; path = Info.plist; sourceTree = "<group>"; };
		610C841C1F407A74001C0C14 /* ARCLUITests.xctest */ = {isa = PBXFileReference; explicitFileType = wrapper.cfbundle; includeInIndex = 0; path = ARCLUITests.xctest; sourceTree = BUILT_PRODUCTS_DIR; };
		610C84201F407A74001C0C14 /* ARCLUITests.swift */ = {isa = PBXFileReference; lastKnownFileType = sourcecode.swift; path = ARCLUITests.swift; sourceTree = "<group>"; };
		610C84221F407A74001C0C14 /* Info.plist */ = {isa = PBXFileReference; lastKnownFileType = text.plist.xml; path = Info.plist; sourceTree = "<group>"; };
		610C842F1F4093D6001C0C14 /* MapKit.framework */ = {isa = PBXFileReference; lastKnownFileType = wrapper.framework; name = MapKit.framework; path = System/Library/Frameworks/MapKit.framework; sourceTree = SDKROOT; };
		610C84311F40A733001C0C14 /* MKUserLocation.swift */ = {isa = PBXFileReference; lastKnownFileType = sourcecode.swift; path = MKUserLocation.swift; sourceTree = "<group>"; };
		610C84331F40A7FC001C0C14 /* MKAnnotation.swift */ = {isa = PBXFileReference; lastKnownFileType = sourcecode.swift; path = MKAnnotation.swift; sourceTree = "<group>"; };
		6199F22B1F41D7F800E1A648 /* CLLocationDistance.swift */ = {isa = PBXFileReference; lastKnownFileType = sourcecode.swift; path = CLLocationDistance.swift; sourceTree = "<group>"; };
		6199F22D1F41D90D00E1A648 /* TimeInterval.swift */ = {isa = PBXFileReference; lastKnownFileType = sourcecode.swift; path = TimeInterval.swift; sourceTree = "<group>"; };
/* End PBXFileReference section */

/* Begin PBXFrameworksBuildPhase section */
		610C83F81F407A74001C0C14 /* Frameworks */ = {
			isa = PBXFrameworksBuildPhase;
			buildActionMask = 2147483647;
			files = (
				610C84301F4093D6001C0C14 /* MapKit.framework in Frameworks */,
			);
			runOnlyForDeploymentPostprocessing = 0;
		};
		610C840E1F407A74001C0C14 /* Frameworks */ = {
			isa = PBXFrameworksBuildPhase;
			buildActionMask = 2147483647;
			files = (
			);
			runOnlyForDeploymentPostprocessing = 0;
		};
		610C84191F407A74001C0C14 /* Frameworks */ = {
			isa = PBXFrameworksBuildPhase;
			buildActionMask = 2147483647;
			files = (
			);
			runOnlyForDeploymentPostprocessing = 0;
		};
/* End PBXFrameworksBuildPhase section */

/* Begin PBXGroup section */
		610C83F21F407A74001C0C14 = {
			isa = PBXGroup;
			children = (
				610C83FD1F407A74001C0C14 /* ARCL */,
				610C84141F407A74001C0C14 /* ARCLTests */,
				610C841F1F407A74001C0C14 /* ARCLUITests */,
				610C83FC1F407A74001C0C14 /* Products */,
				610C842E1F4093D6001C0C14 /* Frameworks */,
			);
			sourceTree = "<group>";
		};
		610C83FC1F407A74001C0C14 /* Products */ = {
			isa = PBXGroup;
			children = (
				610C83FB1F407A74001C0C14 /* ARCL.app */,
				610C84111F407A74001C0C14 /* ARCLTests.xctest */,
				610C841C1F407A74001C0C14 /* ARCLUITests.xctest */,
			);
			name = Products;
			sourceTree = "<group>";
		};
		610C83FD1F407A74001C0C14 /* ARCL */ = {
			isa = PBXGroup;
			children = (
				610C83FE1F407A74001C0C14 /* AppDelegate.swift */,
				610C84001F407A74001C0C14 /* art.scnassets */,
				610C84021F407A74001C0C14 /* ViewController.swift */,
				610C84311F40A733001C0C14 /* MKUserLocation.swift */,
				610C84331F40A7FC001C0C14 /* MKAnnotation.swift */,
				6199F22B1F41D7F800E1A648 /* CLLocationDistance.swift */,
				6199F22D1F41D90D00E1A648 /* TimeInterval.swift */,
				610C84041F407A74001C0C14 /* Main.storyboard */,
				610C84071F407A74001C0C14 /* Assets.xcassets */,
				610C84091F407A74001C0C14 /* LaunchScreen.storyboard */,
				610C840C1F407A74001C0C14 /* Info.plist */,
			);
			path = ARCL;
			sourceTree = "<group>";
		};
		610C84141F407A74001C0C14 /* ARCLTests */ = {
			isa = PBXGroup;
			children = (
				610C84151F407A74001C0C14 /* ARCLTests.swift */,
				610C84171F407A74001C0C14 /* Info.plist */,
			);
			path = ARCLTests;
			sourceTree = "<group>";
		};
		610C841F1F407A74001C0C14 /* ARCLUITests */ = {
			isa = PBXGroup;
			children = (
				610C84201F407A74001C0C14 /* ARCLUITests.swift */,
				610C84221F407A74001C0C14 /* Info.plist */,
			);
			path = ARCLUITests;
			sourceTree = "<group>";
		};
		610C842E1F4093D6001C0C14 /* Frameworks */ = {
			isa = PBXGroup;
			children = (
				610C842F1F4093D6001C0C14 /* MapKit.framework */,
			);
			name = Frameworks;
			sourceTree = "<group>";
		};
/* End PBXGroup section */

/* Begin PBXNativeTarget section */
		610C83FA1F407A74001C0C14 /* ARCL */ = {
			isa = PBXNativeTarget;
			buildConfigurationList = 610C84251F407A74001C0C14 /* Build configuration list for PBXNativeTarget "ARCL" */;
			buildPhases = (
				610C83F71F407A74001C0C14 /* Sources */,
				610C83F81F407A74001C0C14 /* Frameworks */,
				610C83F91F407A74001C0C14 /* Resources */,
			);
			buildRules = (
			);
			dependencies = (
			);
			name = ARCL;
			productName = ARCL;
			productReference = 610C83FB1F407A74001C0C14 /* ARCL.app */;
			productType = "com.apple.product-type.application";
		};
		610C84101F407A74001C0C14 /* ARCLTests */ = {
			isa = PBXNativeTarget;
			buildConfigurationList = 610C84281F407A74001C0C14 /* Build configuration list for PBXNativeTarget "ARCLTests" */;
			buildPhases = (
				610C840D1F407A74001C0C14 /* Sources */,
				610C840E1F407A74001C0C14 /* Frameworks */,
				610C840F1F407A74001C0C14 /* Resources */,
			);
			buildRules = (
			);
			dependencies = (
				610C84131F407A74001C0C14 /* PBXTargetDependency */,
			);
			name = ARCLTests;
			productName = ARCLTests;
			productReference = 610C84111F407A74001C0C14 /* ARCLTests.xctest */;
			productType = "com.apple.product-type.bundle.unit-test";
		};
		610C841B1F407A74001C0C14 /* ARCLUITests */ = {
			isa = PBXNativeTarget;
			buildConfigurationList = 610C842B1F407A74001C0C14 /* Build configuration list for PBXNativeTarget "ARCLUITests" */;
			buildPhases = (
				610C84181F407A74001C0C14 /* Sources */,
				610C84191F407A74001C0C14 /* Frameworks */,
				610C841A1F407A74001C0C14 /* Resources */,
			);
			buildRules = (
			);
			dependencies = (
				610C841E1F407A74001C0C14 /* PBXTargetDependency */,
			);
			name = ARCLUITests;
			productName = ARCLUITests;
			productReference = 610C841C1F407A74001C0C14 /* ARCLUITests.xctest */;
			productType = "com.apple.product-type.bundle.ui-testing";
		};
/* End PBXNativeTarget section */

/* Begin PBXProject section */
		610C83F31F407A74001C0C14 /* Project object */ = {
			isa = PBXProject;
			attributes = {
				LastSwiftUpdateCheck = 0900;
				LastUpgradeCheck = 0900;
				ORGANIZATIONNAME = levantAJ;
				TargetAttributes = {
					610C83FA1F407A74001C0C14 = {
						CreatedOnToolsVersion = 9.0;
						SystemCapabilities = {
							com.apple.Maps.iOS = {
								enabled = 1;
							};
						};
					};
					610C84101F407A74001C0C14 = {
						CreatedOnToolsVersion = 9.0;
						TestTargetID = 610C83FA1F407A74001C0C14;
					};
					610C841B1F407A74001C0C14 = {
						CreatedOnToolsVersion = 9.0;
						TestTargetID = 610C83FA1F407A74001C0C14;
					};
				};
			};
			buildConfigurationList = 610C83F61F407A74001C0C14 /* Build configuration list for PBXProject "ARCL" */;
			compatibilityVersion = "Xcode 8.0";
			developmentRegion = en;
			hasScannedForEncodings = 0;
			knownRegions = (
				en,
				Base,
			);
			mainGroup = 610C83F21F407A74001C0C14;
			productRefGroup = 610C83FC1F407A74001C0C14 /* Products */;
			projectDirPath = "";
			projectRoot = "";
			targets = (
				610C83FA1F407A74001C0C14 /* ARCL */,
				610C84101F407A74001C0C14 /* ARCLTests */,
				610C841B1F407A74001C0C14 /* ARCLUITests */,
			);
		};
/* End PBXProject section */

/* Begin PBXResourcesBuildPhase section */
		610C83F91F407A74001C0C14 /* Resources */ = {
			isa = PBXResourcesBuildPhase;
			buildActionMask = 2147483647;
			files = (
				610C84011F407A74001C0C14 /* art.scnassets in Resources */,
				610C840B1F407A74001C0C14 /* LaunchScreen.storyboard in Resources */,
				610C84081F407A74001C0C14 /* Assets.xcassets in Resources */,
				610C84061F407A74001C0C14 /* Main.storyboard in Resources */,
			);
			runOnlyForDeploymentPostprocessing = 0;
		};
		610C840F1F407A74001C0C14 /* Resources */ = {
			isa = PBXResourcesBuildPhase;
			buildActionMask = 2147483647;
			files = (
			);
			runOnlyForDeploymentPostprocessing = 0;
		};
		610C841A1F407A74001C0C14 /* Resources */ = {
			isa = PBXResourcesBuildPhase;
			buildActionMask = 2147483647;
			files = (
			);
			runOnlyForDeploymentPostprocessing = 0;
		};
/* End PBXResourcesBuildPhase section */

/* Begin PBXSourcesBuildPhase section */
		610C83F71F407A74001C0C14 /* Sources */ = {
			isa = PBXSourcesBuildPhase;
			buildActionMask = 2147483647;
			files = (
				610C84341F40A7FC001C0C14 /* MKAnnotation.swift in Sources */,
				6199F22E1F41D90D00E1A648 /* TimeInterval.swift in Sources */,
				610C84321F40A733001C0C14 /* MKUserLocation.swift in Sources */,
				610C84031F407A74001C0C14 /* ViewController.swift in Sources */,
				610C83FF1F407A74001C0C14 /* AppDelegate.swift in Sources */,
				6199F22C1F41D7F800E1A648 /* CLLocationDistance.swift in Sources */,
			);
			runOnlyForDeploymentPostprocessing = 0;
		};
		610C840D1F407A74001C0C14 /* Sources */ = {
			isa = PBXSourcesBuildPhase;
			buildActionMask = 2147483647;
			files = (
				610C84161F407A74001C0C14 /* ARCLTests.swift in Sources */,
			);
			runOnlyForDeploymentPostprocessing = 0;
		};
		610C84181F407A74001C0C14 /* Sources */ = {
			isa = PBXSourcesBuildPhase;
			buildActionMask = 2147483647;
			files = (
				610C84211F407A74001C0C14 /* ARCLUITests.swift in Sources */,
			);
			runOnlyForDeploymentPostprocessing = 0;
		};
/* End PBXSourcesBuildPhase section */

/* Begin PBXTargetDependency section */
		610C84131F407A74001C0C14 /* PBXTargetDependency */ = {
			isa = PBXTargetDependency;
			target = 610C83FA1F407A74001C0C14 /* ARCL */;
			targetProxy = 610C84121F407A74001C0C14 /* PBXContainerItemProxy */;
		};
		610C841E1F407A74001C0C14 /* PBXTargetDependency */ = {
			isa = PBXTargetDependency;
			target = 610C83FA1F407A74001C0C14 /* ARCL */;
			targetProxy = 610C841D1F407A74001C0C14 /* PBXContainerItemProxy */;
		};
/* End PBXTargetDependency section */

/* Begin PBXVariantGroup section */
		610C84041F407A74001C0C14 /* Main.storyboard */ = {
			isa = PBXVariantGroup;
			children = (
				610C84051F407A74001C0C14 /* Base */,
			);
			name = Main.storyboard;
			sourceTree = "<group>";
		};
		610C84091F407A74001C0C14 /* LaunchScreen.storyboard */ = {
			isa = PBXVariantGroup;
			children = (
				610C840A1F407A74001C0C14 /* Base */,
			);
			name = LaunchScreen.storyboard;
			sourceTree = "<group>";
		};
/* End PBXVariantGroup section */

/* Begin XCBuildConfiguration section */
		610C84231F407A74001C0C14 /* Debug */ = {
			isa = XCBuildConfiguration;
			buildSettings = {
				ALWAYS_SEARCH_USER_PATHS = NO;
				CLANG_ANALYZER_NONNULL = YES;
				CLANG_ANALYZER_NUMBER_OBJECT_CONVERSION = YES_AGGRESSIVE;
				CLANG_CXX_LANGUAGE_STANDARD = "gnu++14";
				CLANG_CXX_LIBRARY = "libc++";
				CLANG_ENABLE_MODULES = YES;
				CLANG_ENABLE_OBJC_ARC = YES;
				CLANG_WARN_BLOCK_CAPTURE_AUTORELEASING = YES;
				CLANG_WARN_BOOL_CONVERSION = YES;
				CLANG_WARN_COMMA = YES;
				CLANG_WARN_CONSTANT_CONVERSION = YES;
				CLANG_WARN_DIRECT_OBJC_ISA_USAGE = YES_ERROR;
				CLANG_WARN_DOCUMENTATION_COMMENTS = YES;
				CLANG_WARN_EMPTY_BODY = YES;
				CLANG_WARN_ENUM_CONVERSION = YES;
				CLANG_WARN_INFINITE_RECURSION = YES;
				CLANG_WARN_INT_CONVERSION = YES;
				CLANG_WARN_NON_LITERAL_NULL_CONVERSION = YES;
				CLANG_WARN_OBJC_LITERAL_CONVERSION = YES;
				CLANG_WARN_OBJC_ROOT_CLASS = YES_ERROR;
				CLANG_WARN_RANGE_LOOP_ANALYSIS = YES;
				CLANG_WARN_STRICT_PROTOTYPES = YES;
				CLANG_WARN_SUSPICIOUS_MOVE = YES;
				CLANG_WARN_UNGUARDED_AVAILABILITY = YES_AGGRESSIVE;
				CLANG_WARN_UNREACHABLE_CODE = YES;
				CLANG_WARN__DUPLICATE_METHOD_MATCH = YES;
				CODE_SIGN_IDENTITY = "iPhone Developer";
				COPY_PHASE_STRIP = NO;
				DEBUG_INFORMATION_FORMAT = dwarf;
				ENABLE_STRICT_OBJC_MSGSEND = YES;
				ENABLE_TESTABILITY = YES;
				GCC_C_LANGUAGE_STANDARD = gnu11;
				GCC_DYNAMIC_NO_PIC = NO;
				GCC_NO_COMMON_BLOCKS = YES;
				GCC_OPTIMIZATION_LEVEL = 0;
				GCC_PREPROCESSOR_DEFINITIONS = (
					"DEBUG=1",
					"$(inherited)",
				);
				GCC_WARN_64_TO_32_BIT_CONVERSION = YES;
				GCC_WARN_ABOUT_RETURN_TYPE = YES_ERROR;
				GCC_WARN_UNDECLARED_SELECTOR = YES;
				GCC_WARN_UNINITIALIZED_AUTOS = YES_AGGRESSIVE;
				GCC_WARN_UNUSED_FUNCTION = YES;
				GCC_WARN_UNUSED_VARIABLE = YES;
				IPHONEOS_DEPLOYMENT_TARGET = 11.0;
				MTL_ENABLE_DEBUG_INFO = YES;
				ONLY_ACTIVE_ARCH = YES;
				SDKROOT = iphoneos;
				SWIFT_ACTIVE_COMPILATION_CONDITIONS = DEBUG;
				SWIFT_OPTIMIZATION_LEVEL = "-Onone";
			};
			name = Debug;
		};
		610C84241F407A74001C0C14 /* Release */ = {
			isa = XCBuildConfiguration;
			buildSettings = {
				ALWAYS_SEARCH_USER_PATHS = NO;
				CLANG_ANALYZER_NONNULL = YES;
				CLANG_ANALYZER_NUMBER_OBJECT_CONVERSION = YES_AGGRESSIVE;
				CLANG_CXX_LANGUAGE_STANDARD = "gnu++14";
				CLANG_CXX_LIBRARY = "libc++";
				CLANG_ENABLE_MODULES = YES;
				CLANG_ENABLE_OBJC_ARC = YES;
				CLANG_WARN_BLOCK_CAPTURE_AUTORELEASING = YES;
				CLANG_WARN_BOOL_CONVERSION = YES;
				CLANG_WARN_COMMA = YES;
				CLANG_WARN_CONSTANT_CONVERSION = YES;
				CLANG_WARN_DIRECT_OBJC_ISA_USAGE = YES_ERROR;
				CLANG_WARN_DOCUMENTATION_COMMENTS = YES;
				CLANG_WARN_EMPTY_BODY = YES;
				CLANG_WARN_ENUM_CONVERSION = YES;
				CLANG_WARN_INFINITE_RECURSION = YES;
				CLANG_WARN_INT_CONVERSION = YES;
				CLANG_WARN_NON_LITERAL_NULL_CONVERSION = YES;
				CLANG_WARN_OBJC_LITERAL_CONVERSION = YES;
				CLANG_WARN_OBJC_ROOT_CLASS = YES_ERROR;
				CLANG_WARN_RANGE_LOOP_ANALYSIS = YES;
				CLANG_WARN_STRICT_PROTOTYPES = YES;
				CLANG_WARN_SUSPICIOUS_MOVE = YES;
				CLANG_WARN_UNGUARDED_AVAILABILITY = YES_AGGRESSIVE;
				CLANG_WARN_UNREACHABLE_CODE = YES;
				CLANG_WARN__DUPLICATE_METHOD_MATCH = YES;
				CODE_SIGN_IDENTITY = "iPhone Developer";
				COPY_PHASE_STRIP = NO;
				DEBUG_INFORMATION_FORMAT = "dwarf-with-dsym";
				ENABLE_NS_ASSERTIONS = NO;
				ENABLE_STRICT_OBJC_MSGSEND = YES;
				GCC_C_LANGUAGE_STANDARD = gnu11;
				GCC_NO_COMMON_BLOCKS = YES;
				GCC_WARN_64_TO_32_BIT_CONVERSION = YES;
				GCC_WARN_ABOUT_RETURN_TYPE = YES_ERROR;
				GCC_WARN_UNDECLARED_SELECTOR = YES;
				GCC_WARN_UNINITIALIZED_AUTOS = YES_AGGRESSIVE;
				GCC_WARN_UNUSED_FUNCTION = YES;
				GCC_WARN_UNUSED_VARIABLE = YES;
				IPHONEOS_DEPLOYMENT_TARGET = 11.0;
				MTL_ENABLE_DEBUG_INFO = NO;
				SDKROOT = iphoneos;
				SWIFT_OPTIMIZATION_LEVEL = "-Owholemodule";
				VALIDATE_PRODUCT = YES;
			};
			name = Release;
		};
		610C84261F407A74001C0C14 /* Debug */ = {
			isa = XCBuildConfiguration;
			buildSettings = {
				ASSETCATALOG_COMPILER_APPICON_NAME = AppIcon;
				DEVELOPMENT_TEAM = DFJYL5D7C7;
				INFOPLIST_FILE = ARCL/Info.plist;
				LD_RUNPATH_SEARCH_PATHS = "$(inherited) @executable_path/Frameworks";
				PRODUCT_BUNDLE_IDENTIFIER = com.levantAJ.ARCL;
				PRODUCT_NAME = "$(TARGET_NAME)";
				SWIFT_VERSION = 4.0;
				TARGETED_DEVICE_FAMILY = "1,2";
			};
			name = Debug;
		};
		610C84271F407A74001C0C14 /* Release */ = {
			isa = XCBuildConfiguration;
			buildSettings = {
				ASSETCATALOG_COMPILER_APPICON_NAME = AppIcon;
				DEVELOPMENT_TEAM = DFJYL5D7C7;
				INFOPLIST_FILE = ARCL/Info.plist;
				LD_RUNPATH_SEARCH_PATHS = "$(inherited) @executable_path/Frameworks";
				PRODUCT_BUNDLE_IDENTIFIER = com.levantAJ.ARCL;
				PRODUCT_NAME = "$(TARGET_NAME)";
				SWIFT_VERSION = 4.0;
				TARGETED_DEVICE_FAMILY = "1,2";
			};
			name = Release;
		};
		610C84291F407A74001C0C14 /* Debug */ = {
			isa = XCBuildConfiguration;
			buildSettings = {
				ALWAYS_EMBED_SWIFT_STANDARD_LIBRARIES = YES;
				BUNDLE_LOADER = "$(TEST_HOST)";
				DEVELOPMENT_TEAM = DFJYL5D7C7;
				INFOPLIST_FILE = ARCLTests/Info.plist;
				LD_RUNPATH_SEARCH_PATHS = "$(inherited) @executable_path/Frameworks @loader_path/Frameworks";
				PRODUCT_BUNDLE_IDENTIFIER = com.levantAJ.ARCLTests;
				PRODUCT_NAME = "$(TARGET_NAME)";
				SWIFT_VERSION = 4.0;
				TARGETED_DEVICE_FAMILY = "1,2";
				TEST_HOST = "$(BUILT_PRODUCTS_DIR)/ARCL.app/ARCL";
			};
			name = Debug;
		};
		610C842A1F407A74001C0C14 /* Release */ = {
			isa = XCBuildConfiguration;
			buildSettings = {
				ALWAYS_EMBED_SWIFT_STANDARD_LIBRARIES = YES;
				BUNDLE_LOADER = "$(TEST_HOST)";
				DEVELOPMENT_TEAM = DFJYL5D7C7;
				INFOPLIST_FILE = ARCLTests/Info.plist;
				LD_RUNPATH_SEARCH_PATHS = "$(inherited) @executable_path/Frameworks @loader_path/Frameworks";
				PRODUCT_BUNDLE_IDENTIFIER = com.levantAJ.ARCLTests;
				PRODUCT_NAME = "$(TARGET_NAME)";
				SWIFT_VERSION = 4.0;
				TARGETED_DEVICE_FAMILY = "1,2";
				TEST_HOST = "$(BUILT_PRODUCTS_DIR)/ARCL.app/ARCL";
			};
			name = Release;
		};
		610C842C1F407A74001C0C14 /* Debug */ = {
			isa = XCBuildConfiguration;
			buildSettings = {
				ALWAYS_EMBED_SWIFT_STANDARD_LIBRARIES = YES;
				DEVELOPMENT_TEAM = DFJYL5D7C7;
				INFOPLIST_FILE = ARCLUITests/Info.plist;
				LD_RUNPATH_SEARCH_PATHS = "$(inherited) @executable_path/Frameworks @loader_path/Frameworks";
				PRODUCT_BUNDLE_IDENTIFIER = com.levantAJ.ARCLUITests;
				PRODUCT_NAME = "$(TARGET_NAME)";
				SWIFT_VERSION = 4.0;
				TARGETED_DEVICE_FAMILY = "1,2";
				TEST_TARGET_NAME = ARCL;
			};
			name = Debug;
		};
		610C842D1F407A74001C0C14 /* Release */ = {
			isa = XCBuildConfiguration;
			buildSettings = {
				ALWAYS_EMBED_SWIFT_STANDARD_LIBRARIES = YES;
				DEVELOPMENT_TEAM = DFJYL5D7C7;
				INFOPLIST_FILE = ARCLUITests/Info.plist;
				LD_RUNPATH_SEARCH_PATHS = "$(inherited) @executable_path/Frameworks @loader_path/Frameworks";
				PRODUCT_BUNDLE_IDENTIFIER = com.levantAJ.ARCLUITests;
				PRODUCT_NAME = "$(TARGET_NAME)";
				SWIFT_VERSION = 4.0;
				TARGETED_DEVICE_FAMILY = "1,2";
				TEST_TARGET_NAME = ARCL;
			};
			name = Release;
		};
/* End XCBuildConfiguration section */

/* Begin XCConfigurationList section */
		610C83F61F407A74001C0C14 /* Build configuration list for PBXProject "ARCL" */ = {
			isa = XCConfigurationList;
			buildConfigurations = (
				610C84231F407A74001C0C14 /* Debug */,
				610C84241F407A74001C0C14 /* Release */,
			);
			defaultConfigurationIsVisible = 0;
			defaultConfigurationName = Release;
		};
		610C84251F407A74001C0C14 /* Build configuration list for PBXNativeTarget "ARCL" */ = {
			isa = XCConfigurationList;
			buildConfigurations = (
				610C84261F407A74001C0C14 /* Debug */,
				610C84271F407A74001C0C14 /* Release */,
			);
			defaultConfigurationIsVisible = 0;
			defaultConfigurationName = Release;
		};
		610C84281F407A74001C0C14 /* Build configuration list for PBXNativeTarget "ARCLTests" */ = {
			isa = XCConfigurationList;
			buildConfigurations = (
				610C84291F407A74001C0C14 /* Debug */,
				610C842A1F407A74001C0C14 /* Release */,
			);
			defaultConfigurationIsVisible = 0;
			defaultConfigurationName = Release;
		};
		610C842B1F407A74001C0C14 /* Build configuration list for PBXNativeTarget "ARCLUITests" */ = {
			isa = XCConfigurationList;
			buildConfigurations = (
				610C842C1F407A74001C0C14 /* Debug */,
				610C842D1F407A74001C0C14 /* Release */,
			);
			defaultConfigurationIsVisible = 0;
			defaultConfigurationName = Release;
		};
/* End XCConfigurationList section */
	};
	rootObject = 610C83F31F407A74001C0C14 /* Project object */;
}
